PODS:
  - AudioKit (4.7.2):
    - AudioKit/Core (= 4.7.2)
    - AudioKit/UI (= 4.7.2)
  - AudioKit/Core (4.7.2)
  - AudioKit/UI (4.7.2):
    - AudioKit/Core
  - Disk (0.6.3)
  - DZNEmptyDataSet (1.8.1)
  - Eureka (5.0.0)
  - ReSwift (4.0.1)
  - ReSwiftRouter (0.6.0):
    - ReSwift (~> 4.0.0)
  - SwiftDate (6.0.3)
  - TagListView (1.4.0)

DEPENDENCIES:
  - AudioKit
  - AudioKit/UI
  - Disk
  - DZNEmptyDataSet
  - Eureka
  - ReSwift
  - ReSwiftRouter
  - SwiftDate
  - TagListView

SPEC REPOS:
  https://github.com/cocoapods/specs.git:
    - AudioKit
    - Disk
    - DZNEmptyDataSet
    - Eureka
    - ReSwift
    - ReSwiftRouter
    - SwiftDate
    - TagListView

SPEC CHECKSUMS:
  AudioKit: ee4ab79e2fffe42e52b8fd8d214eaaea968c368e
  Disk: 76cccb6fed1c27cd661bbdea7b117d887c2f72e5
  DZNEmptyDataSet: 9525833b9e68ac21c30253e1d3d7076cc828eaa7
  Eureka: 0f64f477ec8ef6201c6fec143d60ff5c201cf654
  ReSwift: f4012c613e13da7398827fe5aebdb938eaed40a3
  ReSwiftRouter: 81f41b37a5dd1c88e1d3d10a660ff2dcc939ba7c
  SwiftDate: 8d4f14bf1ef68e95094511504856547bf9e3e1a6
  TagListView: 987b0bdbb16cd9d9e7c0e2ec32aff37ecba8b173

PODFILE CHECKSUM: af820726283174febcf0a2632083618dc6c51fae

COCOAPODS: 1.7.1
