PODS:
  - Cartography (1.1.0)
  - ChameleonFramework/Default (2.1.0)
  - ChameleonFramework/Swift (2.1.0):
    - ChameleonFramework/Default
  - Disk (0.1.4)
  - DZNEmptyDataSet (1.8.1)
  - Eureka (3.0.0)
  - Hero (0.3.6)
  - ReSwift (3.0.0)
  - ReSwiftRecorder (0.4.0):
    - ReSwift (~> 3.0)
  - ReSwiftRouter (0.5.1):
    - ReSwift (~> 3.0.0)
  - SwiftDate (4.1.7)

DEPENDENCIES:
  - Cartography
  - ChameleonFramework/Swift (from `https://github.com/ViccAlexander/Chameleon.git`)
  - Disk (~> 0.1.4)
  - DZNEmptyDataSet
  - Eureka (from `https://github.com/xmartlabs/Eureka`, branch `feature/Xcode9-Swift3_2`)
  - Hero
  - ReSwift
  - ReSwiftRecorder
  - ReSwiftRouter
  - SwiftDate (~> 4.0)

EXTERNAL SOURCES:
  ChameleonFramework:
    :git: https://github.com/ViccAlexander/Chameleon.git
  Eureka:
    :branch: feature/Xcode9-Swift3_2
    :git: https://github.com/xmartlabs/Eureka

CHECKOUT OPTIONS:
  ChameleonFramework:
    :commit: 6dd284bde21ea2e7f9fd89bc36f40df16e16369d
    :git: https://github.com/ViccAlexander/Chameleon.git
  Eureka:
    :commit: 170433bedb6db4228da60eb6c866156b6b29e666
    :git: https://github.com/xmartlabs/Eureka

SPEC CHECKSUMS:
  Cartography: 0538ccb4044acbbda2266335fc58cb4228794d90
  ChameleonFramework: d21a3cc247abfe5e37609a283a8238b03575cf64
  Disk: 0c64c504a346cc75450f2d5ab617a2a17e1007cc
  DZNEmptyDataSet: 9525833b9e68ac21c30253e1d3d7076cc828eaa7
  Eureka: 5b9418d7bfdc21ca977d69d124a6409f3e9af2c7
  Hero: d3c6f4dd80cdcdbb339be64e57ae3b5c3ab9938c
  ReSwift: f0255f4b4f2dacd12c5d97d34d13fc5dad6d6371
  ReSwiftRecorder: f37a363425ad61c7ddc2172e14ab7799b6b27483
  ReSwiftRouter: c620138bf94b57c068f789d51c0bd23efc42bf68
  SwiftDate: 029be76691ee89176da3a46c7df3415b6734bc5b

PODFILE CHECKSUM: 75c05fdae6f276e29ee37d498762d7c02d3719d4

COCOAPODS: 1.3.1
