// !$*UTF8*$!
{
	archiveVersion = 1;
	classes = {
	};
	objectVersion = 48;
	objects = {

/* Begin PBXBuildFile section */
		2217918A2C906AEA39EAE298 /* Pods_Fyulaba.framework in Frameworks */ = {isa = PBXBuildFile; fileRef = 1B13106B8DCF266146C32CB1 /* Pods_Fyulaba.framework */; };
		E60741561F490D61006B4358 /* RecordingTableViewCell.swift in Sources */ = {isa = PBXBuildFile; fileRef = E60741551F490D61006B4358 /* RecordingTableViewCell.swift */; };
		E60BEE1E1F4BB3F300DD7F9A /* AppReducer.swift in Sources */ = {isa = PBXBuildFile; fileRef = E60BEE1D1F4BB3F300DD7F9A /* AppReducer.swift */; };
		E60BEE201F4BB43500DD7F9A /* RecordingReducer.swift in Sources */ = {isa = PBXBuildFile; fileRef = E60BEE1F1F4BB43500DD7F9A /* RecordingReducer.swift */; };
		E60BEE231F4BB49D00DD7F9A /* RecordingActions.swift in Sources */ = {isa = PBXBuildFile; fileRef = E60BEE221F4BB49D00DD7F9A /* RecordingActions.swift */; };
		E60BEE261F4BB4D400DD7F9A /* State.swift in Sources */ = {isa = PBXBuildFile; fileRef = E60BEE251F4BB4D400DD7F9A /* State.swift */; };
		E60BEE291F4BBEFF00DD7F9A /* RecordingState.swift in Sources */ = {isa = PBXBuildFile; fileRef = E60BEE281F4BBEFF00DD7F9A /* RecordingState.swift */; };
		E61D0A791F4A54B6007073BA /* UIViewController+Alerting.swift in Sources */ = {isa = PBXBuildFile; fileRef = E61D0A781F4A54B6007073BA /* UIViewController+Alerting.swift */; };
		E61D0A7B1F4A5B4F007073BA /* AudioPlaying.swift in Sources */ = {isa = PBXBuildFile; fileRef = E61D0A7A1F4A5B4F007073BA /* AudioPlaying.swift */; };
		E62DD4DE1F487FDA00C5D8FD /* AudioKit.framework in Frameworks */ = {isa = PBXBuildFile; fileRef = E62DD4DD1F487FCA00C5D8FD /* AudioKit.framework */; };
		E62DD4DF1F487FDA00C5D8FD /* AudioKit.framework in Embed Frameworks */ = {isa = PBXBuildFile; fileRef = E62DD4DD1F487FCA00C5D8FD /* AudioKit.framework */; settings = {ATTRIBUTES = (CodeSignOnCopy, RemoveHeadersOnCopy, ); }; };
		E6B998571F46241C00B3AAD0 /* AppDelegate.swift in Sources */ = {isa = PBXBuildFile; fileRef = E6B998561F46241C00B3AAD0 /* AppDelegate.swift */; };
		E6B998601F46241C00B3AAD0 /* Main.storyboard in Resources */ = {isa = PBXBuildFile; fileRef = E6B9985E1F46241C00B3AAD0 /* Main.storyboard */; };
		E6B998621F46241C00B3AAD0 /* Assets.xcassets in Resources */ = {isa = PBXBuildFile; fileRef = E6B998611F46241C00B3AAD0 /* Assets.xcassets */; };
		E6B998651F46241C00B3AAD0 /* LaunchScreen.storyboard in Resources */ = {isa = PBXBuildFile; fileRef = E6B998631F46241C00B3AAD0 /* LaunchScreen.storyboard */; };
		E6B998711F46309B00B3AAD0 /* RecordingsTableViewController.swift in Sources */ = {isa = PBXBuildFile; fileRef = E6B998701F46309B00B3AAD0 /* RecordingsTableViewController.swift */; };
		E6B998731F463FA100B3AAD0 /* RecordingViewController.swift in Sources */ = {isa = PBXBuildFile; fileRef = E6B998721F463FA100B3AAD0 /* RecordingViewController.swift */; };
		E6B998771F46596E00B3AAD0 /* SpeechRecording.swift in Sources */ = {isa = PBXBuildFile; fileRef = E6B998761F46596E00B3AAD0 /* SpeechRecording.swift */; };
		E6B9987B1F46916D00B3AAD0 /* Recording.swift in Sources */ = {isa = PBXBuildFile; fileRef = E6B9987A1F46916D00B3AAD0 /* Recording.swift */; };
		E6B998811F46A27500B3AAD0 /* ClassificationService.swift in Sources */ = {isa = PBXBuildFile; fileRef = E6B998801F46A27500B3AAD0 /* ClassificationService.swift */; };
		E6B998831F46A2CB00B3AAD0 /* Sentiment.swift in Sources */ = {isa = PBXBuildFile; fileRef = E6B998821F46A2CB00B3AAD0 /* Sentiment.swift */; };
		E6C451A31F4C5CE300F65D9E /* SentimentPolarity.mlmodel in Sources */ = {isa = PBXBuildFile; fileRef = E6C451A21F4C5CE100F65D9E /* SentimentPolarity.mlmodel */; };
		E6EA4AFB1F4A659B00B241AC /* SpeechTranscriber.swift in Sources */ = {isa = PBXBuildFile; fileRef = E6EA4AFA1F4A659B00B241AC /* SpeechTranscriber.swift */; };
/* End PBXBuildFile section */

/* Begin PBXCopyFilesBuildPhase section */
		E62DD4E01F487FDA00C5D8FD /* Embed Frameworks */ = {
			isa = PBXCopyFilesBuildPhase;
			buildActionMask = 2147483647;
			dstPath = "";
			dstSubfolderSpec = 10;
			files = (
				E62DD4DF1F487FDA00C5D8FD /* AudioKit.framework in Embed Frameworks */,
			);
			name = "Embed Frameworks";
			runOnlyForDeploymentPostprocessing = 0;
		};
/* End PBXCopyFilesBuildPhase section */

/* Begin PBXFileReference section */
		1B13106B8DCF266146C32CB1 /* Pods_Fyulaba.framework */ = {isa = PBXFileReference; explicitFileType = wrapper.framework; includeInIndex = 0; path = Pods_Fyulaba.framework; sourceTree = BUILT_PRODUCTS_DIR; };
		425B125F435AC808F98A76F3 /* Pods-Fyulaba.release.xcconfig */ = {isa = PBXFileReference; includeInIndex = 1; lastKnownFileType = text.xcconfig; name = "Pods-Fyulaba.release.xcconfig"; path = "Pods/Target Support Files/Pods-Fyulaba/Pods-Fyulaba.release.xcconfig"; sourceTree = "<group>"; };
		8DDD5FD4B8188F7029207A6F /* Pods-Fyulaba.debug.xcconfig */ = {isa = PBXFileReference; includeInIndex = 1; lastKnownFileType = text.xcconfig; name = "Pods-Fyulaba.debug.xcconfig"; path = "Pods/Target Support Files/Pods-Fyulaba/Pods-Fyulaba.debug.xcconfig"; sourceTree = "<group>"; };
		E60741551F490D61006B4358 /* RecordingTableViewCell.swift */ = {isa = PBXFileReference; lastKnownFileType = sourcecode.swift; path = RecordingTableViewCell.swift; sourceTree = "<group>"; };
		E60BEE1D1F4BB3F300DD7F9A /* AppReducer.swift */ = {isa = PBXFileReference; lastKnownFileType = sourcecode.swift; path = AppReducer.swift; sourceTree = "<group>"; };
		E60BEE1F1F4BB43500DD7F9A /* RecordingReducer.swift */ = {isa = PBXFileReference; lastKnownFileType = sourcecode.swift; path = RecordingReducer.swift; sourceTree = "<group>"; };
		E60BEE221F4BB49D00DD7F9A /* RecordingActions.swift */ = {isa = PBXFileReference; lastKnownFileType = sourcecode.swift; path = RecordingActions.swift; sourceTree = "<group>"; };
		E60BEE251F4BB4D400DD7F9A /* State.swift */ = {isa = PBXFileReference; lastKnownFileType = sourcecode.swift; path = State.swift; sourceTree = "<group>"; };
		E60BEE281F4BBEFF00DD7F9A /* RecordingState.swift */ = {isa = PBXFileReference; lastKnownFileType = sourcecode.swift; path = RecordingState.swift; sourceTree = "<group>"; };
		E61D0A781F4A54B6007073BA /* UIViewController+Alerting.swift */ = {isa = PBXFileReference; lastKnownFileType = sourcecode.swift; path = "UIViewController+Alerting.swift"; sourceTree = "<group>"; };
		E61D0A7A1F4A5B4F007073BA /* AudioPlaying.swift */ = {isa = PBXFileReference; lastKnownFileType = sourcecode.swift; path = AudioPlaying.swift; sourceTree = "<group>"; };
		E62DD4DD1F487FCA00C5D8FD /* AudioKit.framework */ = {isa = PBXFileReference; lastKnownFileType = wrapper.framework; path = AudioKit.framework; sourceTree = "<group>"; };
		E6B998531F46241C00B3AAD0 /* Fyulaba.app */ = {isa = PBXFileReference; explicitFileType = wrapper.application; includeInIndex = 0; path = Fyulaba.app; sourceTree = BUILT_PRODUCTS_DIR; };
		E6B998561F46241C00B3AAD0 /* AppDelegate.swift */ = {isa = PBXFileReference; lastKnownFileType = sourcecode.swift; path = AppDelegate.swift; sourceTree = "<group>"; };
		E6B9985F1F46241C00B3AAD0 /* Base */ = {isa = PBXFileReference; lastKnownFileType = file.storyboard; name = Base; path = Base.lproj/Main.storyboard; sourceTree = "<group>"; };
		E6B998611F46241C00B3AAD0 /* Assets.xcassets */ = {isa = PBXFileReference; lastKnownFileType = folder.assetcatalog; path = Assets.xcassets; sourceTree = "<group>"; };
		E6B998641F46241C00B3AAD0 /* Base */ = {isa = PBXFileReference; lastKnownFileType = file.storyboard; name = Base; path = Base.lproj/LaunchScreen.storyboard; sourceTree = "<group>"; };
		E6B998661F46241C00B3AAD0 /* Info.plist */ = {isa = PBXFileReference; lastKnownFileType = text.plist.xml; path = Info.plist; sourceTree = "<group>"; };
		E6B998701F46309B00B3AAD0 /* RecordingsTableViewController.swift */ = {isa = PBXFileReference; lastKnownFileType = sourcecode.swift; path = RecordingsTableViewController.swift; sourceTree = "<group>"; };
		E6B998721F463FA100B3AAD0 /* RecordingViewController.swift */ = {isa = PBXFileReference; lastKnownFileType = sourcecode.swift; path = RecordingViewController.swift; sourceTree = "<group>"; };
		E6B998761F46596E00B3AAD0 /* SpeechRecording.swift */ = {isa = PBXFileReference; lastKnownFileType = sourcecode.swift; path = SpeechRecording.swift; sourceTree = "<group>"; };
		E6B9987A1F46916D00B3AAD0 /* Recording.swift */ = {isa = PBXFileReference; lastKnownFileType = sourcecode.swift; path = Recording.swift; sourceTree = "<group>"; };
		E6B998801F46A27500B3AAD0 /* ClassificationService.swift */ = {isa = PBXFileReference; lastKnownFileType = sourcecode.swift; path = ClassificationService.swift; sourceTree = "<group>"; };
		E6B998821F46A2CB00B3AAD0 /* Sentiment.swift */ = {isa = PBXFileReference; lastKnownFileType = sourcecode.swift; path = Sentiment.swift; sourceTree = "<group>"; };
		E6C451A21F4C5CE100F65D9E /* SentimentPolarity.mlmodel */ = {isa = PBXFileReference; lastKnownFileType = file.mlmodel; path = SentimentPolarity.mlmodel; sourceTree = "<group>"; };
		E6EA4AFA1F4A659B00B241AC /* SpeechTranscriber.swift */ = {isa = PBXFileReference; lastKnownFileType = sourcecode.swift; path = SpeechTranscriber.swift; sourceTree = "<group>"; };
/* End PBXFileReference section */

/* Begin PBXFrameworksBuildPhase section */
		E6B998501F46241C00B3AAD0 /* Frameworks */ = {
			isa = PBXFrameworksBuildPhase;
			buildActionMask = 2147483647;
			files = (
				E62DD4DE1F487FDA00C5D8FD /* AudioKit.framework in Frameworks */,
				2217918A2C906AEA39EAE298 /* Pods_Fyulaba.framework in Frameworks */,
			);
			runOnlyForDeploymentPostprocessing = 0;
		};
/* End PBXFrameworksBuildPhase section */

/* Begin PBXGroup section */
		0A396313765B6ADEC1BE8DD7 /* Pods */ = {
			isa = PBXGroup;
			children = (
				8DDD5FD4B8188F7029207A6F /* Pods-Fyulaba.debug.xcconfig */,
				425B125F435AC808F98A76F3 /* Pods-Fyulaba.release.xcconfig */,
			);
			name = Pods;
			sourceTree = "<group>";
		};
		391E9E89881B77877D1118B2 /* Frameworks */ = {
			isa = PBXGroup;
			children = (
				E62DD4DD1F487FCA00C5D8FD /* AudioKit.framework */,
				1B13106B8DCF266146C32CB1 /* Pods_Fyulaba.framework */,
			);
			name = Frameworks;
			sourceTree = "<group>";
		};
		E60BEE1C1F4BB3CE00DD7F9A /* Reducers */ = {
			isa = PBXGroup;
			children = (
				E60BEE1D1F4BB3F300DD7F9A /* AppReducer.swift */,
				E60BEE1F1F4BB43500DD7F9A /* RecordingReducer.swift */,
			);
			path = Reducers;
			sourceTree = "<group>";
		};
		E60BEE211F4BB47000DD7F9A /* Actions */ = {
			isa = PBXGroup;
			children = (
				E60BEE221F4BB49D00DD7F9A /* RecordingActions.swift */,
			);
			path = Actions;
			sourceTree = "<group>";
		};
		E60BEE271F4BBEE100DD7F9A /* States */ = {
			isa = PBXGroup;
			children = (
				E60BEE251F4BB4D400DD7F9A /* State.swift */,
				E60BEE281F4BBEFF00DD7F9A /* RecordingState.swift */,
			);
			path = States;
			sourceTree = "<group>";
		};
		E630DFE61F4C7FEB0013EDEA /* Services */ = {
			isa = PBXGroup;
			children = (
				E6B998801F46A27500B3AAD0 /* ClassificationService.swift */,
				E6EA4AFA1F4A659B00B241AC /* SpeechTranscriber.swift */,
			);
			path = Services;
			sourceTree = "<group>";
		};
		E630DFE71F4C80020013EDEA /* View Controllers */ = {
			isa = PBXGroup;
			children = (
				E6B998701F46309B00B3AAD0 /* RecordingsTableViewController.swift */,
				E6B998721F463FA100B3AAD0 /* RecordingViewController.swift */,
			);
			path = "View Controllers";
			sourceTree = "<group>";
		};
		E630DFE81F4C800E0013EDEA /* Views */ = {
			isa = PBXGroup;
			children = (
				E60741551F490D61006B4358 /* RecordingTableViewCell.swift */,
			);
			path = Views;
			sourceTree = "<group>";
		};
		E630DFE91F4C801C0013EDEA /* Models */ = {
			isa = PBXGroup;
			children = (
				E6B9987A1F46916D00B3AAD0 /* Recording.swift */,
				E6B998821F46A2CB00B3AAD0 /* Sentiment.swift */,
			);
			path = Models;
			sourceTree = "<group>";
		};
		E630DFEA1F4C80290013EDEA /* Protocols */ = {
			isa = PBXGroup;
			children = (
				E61D0A7A1F4A5B4F007073BA /* AudioPlaying.swift */,
				E6B998761F46596E00B3AAD0 /* SpeechRecording.swift */,
			);
			path = Protocols;
			sourceTree = "<group>";
		};
		E630DFEB1F4C80820013EDEA /* Extensions */ = {
			isa = PBXGroup;
			children = (
				E61D0A781F4A54B6007073BA /* UIViewController+Alerting.swift */,
			);
			path = Extensions;
			sourceTree = "<group>";
		};
		E6B9984A1F46241C00B3AAD0 = {
			isa = PBXGroup;
			children = (
				E6B998551F46241C00B3AAD0 /* Fyulaba */,
				E6B998541F46241C00B3AAD0 /* Products */,
				0A396313765B6ADEC1BE8DD7 /* Pods */,
				391E9E89881B77877D1118B2 /* Frameworks */,
			);
			sourceTree = "<group>";
		};
		E6B998541F46241C00B3AAD0 /* Products */ = {
			isa = PBXGroup;
			children = (
				E6B998531F46241C00B3AAD0 /* Fyulaba.app */,
			);
			name = Products;
			sourceTree = "<group>";
		};
		E6B998551F46241C00B3AAD0 /* Fyulaba */ = {
			isa = PBXGroup;
			children = (
				E630DFEA1F4C80290013EDEA /* Protocols */,
				E630DFEB1F4C80820013EDEA /* Extensions */,
				E630DFE61F4C7FEB0013EDEA /* Services */,
				E60BEE211F4BB47000DD7F9A /* Actions */,
				E60BEE271F4BBEE100DD7F9A /* States */,
				E630DFE91F4C801C0013EDEA /* Models */,
				E630DFE81F4C800E0013EDEA /* Views */,
				E630DFE71F4C80020013EDEA /* View Controllers */,
				E60BEE1C1F4BB3CE00DD7F9A /* Reducers */,
				E6B998561F46241C00B3AAD0 /* AppDelegate.swift */,
				E6B9985E1F46241C00B3AAD0 /* Main.storyboard */,
				E6B998611F46241C00B3AAD0 /* Assets.xcassets */,
				E6B998631F46241C00B3AAD0 /* LaunchScreen.storyboard */,
				E6B998661F46241C00B3AAD0 /* Info.plist */,
				E6C451A21F4C5CE100F65D9E /* SentimentPolarity.mlmodel */,
			);
			path = Fyulaba;
			sourceTree = "<group>";
		};
/* End PBXGroup section */

/* Begin PBXNativeTarget section */
		E6B998521F46241C00B3AAD0 /* Fyulaba */ = {
			isa = PBXNativeTarget;
			buildConfigurationList = E6B998691F46241C00B3AAD0 /* Build configuration list for PBXNativeTarget "Fyulaba" */;
			buildPhases = (
				FB3E4C4BFABE8513CE33999C /* [CP] Check Pods Manifest.lock */,
				E6B9984F1F46241C00B3AAD0 /* Sources */,
				E6B998501F46241C00B3AAD0 /* Frameworks */,
				E6B998511F46241C00B3AAD0 /* Resources */,
				F7C05802C9446AFAB4DA2BCB /* [CP] Embed Pods Frameworks */,
				ABA115F03F7616E421850C91 /* [CP] Copy Pods Resources */,
				E62DD4E01F487FDA00C5D8FD /* Embed Frameworks */,
			);
			buildRules = (
			);
			dependencies = (
			);
			name = Fyulaba;
			productName = Fyulaba;
			productReference = E6B998531F46241C00B3AAD0 /* Fyulaba.app */;
			productType = "com.apple.product-type.application";
		};
/* End PBXNativeTarget section */

/* Begin PBXProject section */
		E6B9984B1F46241C00B3AAD0 /* Project object */ = {
			isa = PBXProject;
			attributes = {
				LastSwiftUpdateCheck = 0900;
				LastUpgradeCheck = 0900;
				ORGANIZATIONNAME = "Serkan Sokmen";
				TargetAttributes = {
					E6B998521F46241C00B3AAD0 = {
						CreatedOnToolsVersion = 9.0;
					};
				};
			};
			buildConfigurationList = E6B9984E1F46241C00B3AAD0 /* Build configuration list for PBXProject "Fyulaba" */;
			compatibilityVersion = "Xcode 8.0";
			developmentRegion = en;
			hasScannedForEncodings = 0;
			knownRegions = (
				en,
				Base,
			);
			mainGroup = E6B9984A1F46241C00B3AAD0;
			productRefGroup = E6B998541F46241C00B3AAD0 /* Products */;
			projectDirPath = "";
			projectRoot = "";
			targets = (
				E6B998521F46241C00B3AAD0 /* Fyulaba */,
			);
		};
/* End PBXProject section */

/* Begin PBXResourcesBuildPhase section */
		E6B998511F46241C00B3AAD0 /* Resources */ = {
			isa = PBXResourcesBuildPhase;
			buildActionMask = 2147483647;
			files = (
				E6B998651F46241C00B3AAD0 /* LaunchScreen.storyboard in Resources */,
				E6B998621F46241C00B3AAD0 /* Assets.xcassets in Resources */,
				E6B998601F46241C00B3AAD0 /* Main.storyboard in Resources */,
			);
			runOnlyForDeploymentPostprocessing = 0;
		};
/* End PBXResourcesBuildPhase section */

/* Begin PBXShellScriptBuildPhase section */
		ABA115F03F7616E421850C91 /* [CP] Copy Pods Resources */ = {
			isa = PBXShellScriptBuildPhase;
			buildActionMask = 2147483647;
			files = (
			);
			inputPaths = (
				"${SRCROOT}/Pods/Target Support Files/Pods-Fyulaba/Pods-Fyulaba-resources.sh",
				"${PODS_ROOT}/TwitterKit/iOS/TwitterKit.framework/TwitterKitResources.bundle",
				"${PODS_ROOT}/TwitterKit/iOS/TwitterKit.framework/TwitterShareExtensionUIResources.bundle",
			);
			name = "[CP] Copy Pods Resources";
			outputPaths = (
				"${TARGET_BUILD_DIR}/${UNLOCALIZED_RESOURCES_FOLDER_PATH}",
			);
			runOnlyForDeploymentPostprocessing = 0;
			shellPath = /bin/sh;
			shellScript = "\"${SRCROOT}/Pods/Target Support Files/Pods-Fyulaba/Pods-Fyulaba-resources.sh\"\n";
			showEnvVarsInLog = 0;
		};
		F7C05802C9446AFAB4DA2BCB /* [CP] Embed Pods Frameworks */ = {
			isa = PBXShellScriptBuildPhase;
			buildActionMask = 2147483647;
			files = (
			);
			inputPaths = (
				"${SRCROOT}/Pods/Target Support Files/Pods-Fyulaba/Pods-Fyulaba-frameworks.sh",
				"${BUILT_PRODUCTS_DIR}/Cartography/Cartography.framework",
				"${BUILT_PRODUCTS_DIR}/ChameleonFramework/ChameleonFramework.framework",
				"${BUILT_PRODUCTS_DIR}/DZNEmptyDataSet/DZNEmptyDataSet.framework",
				"${BUILT_PRODUCTS_DIR}/Disk/Disk.framework",
				"${BUILT_PRODUCTS_DIR}/Eureka/Eureka.framework",
				"${BUILT_PRODUCTS_DIR}/Hero/Hero.framework",
				"${BUILT_PRODUCTS_DIR}/ReSwift/ReSwift.framework",
				"${BUILT_PRODUCTS_DIR}/ReSwiftRecorder/ReSwiftRecorder.framework",
				"${BUILT_PRODUCTS_DIR}/ReSwiftRouter/ReSwiftRouter.framework",
				"${BUILT_PRODUCTS_DIR}/SwiftDate/SwiftDate.framework",
			);
			name = "[CP] Embed Pods Frameworks";
			outputPaths = (
				"${TARGET_BUILD_DIR}/${FRAMEWORKS_FOLDER_PATH}/Cartography.framework",
				"${TARGET_BUILD_DIR}/${FRAMEWORKS_FOLDER_PATH}/ChameleonFramework.framework",
				"${TARGET_BUILD_DIR}/${FRAMEWORKS_FOLDER_PATH}/DZNEmptyDataSet.framework",
				"${TARGET_BUILD_DIR}/${FRAMEWORKS_FOLDER_PATH}/Disk.framework",
				"${TARGET_BUILD_DIR}/${FRAMEWORKS_FOLDER_PATH}/Eureka.framework",
				"${TARGET_BUILD_DIR}/${FRAMEWORKS_FOLDER_PATH}/Hero.framework",
				"${TARGET_BUILD_DIR}/${FRAMEWORKS_FOLDER_PATH}/ReSwift.framework",
				"${TARGET_BUILD_DIR}/${FRAMEWORKS_FOLDER_PATH}/ReSwiftRecorder.framework",
				"${TARGET_BUILD_DIR}/${FRAMEWORKS_FOLDER_PATH}/ReSwiftRouter.framework",
				"${TARGET_BUILD_DIR}/${FRAMEWORKS_FOLDER_PATH}/SwiftDate.framework",
			);
			runOnlyForDeploymentPostprocessing = 0;
			shellPath = /bin/sh;
			shellScript = "\"${SRCROOT}/Pods/Target Support Files/Pods-Fyulaba/Pods-Fyulaba-frameworks.sh\"\n";
			showEnvVarsInLog = 0;
		};
		FB3E4C4BFABE8513CE33999C /* [CP] Check Pods Manifest.lock */ = {
			isa = PBXShellScriptBuildPhase;
			buildActionMask = 2147483647;
			files = (
			);
			inputPaths = (
				"${PODS_PODFILE_DIR_PATH}/Podfile.lock",
				"${PODS_ROOT}/Manifest.lock",
			);
			name = "[CP] Check Pods Manifest.lock";
			outputPaths = (
				"$(DERIVED_FILE_DIR)/Pods-Fyulaba-checkManifestLockResult.txt",
			);
			runOnlyForDeploymentPostprocessing = 0;
			shellPath = /bin/sh;
			shellScript = "diff \"${PODS_PODFILE_DIR_PATH}/Podfile.lock\" \"${PODS_ROOT}/Manifest.lock\" > /dev/null\nif [ $? != 0 ] ; then\n    # print error to STDERR\n    echo \"error: The sandbox is not in sync with the Podfile.lock. Run 'pod install' or update your CocoaPods installation.\" >&2\n    exit 1\nfi\n# This output is used by Xcode 'outputs' to avoid re-running this script phase.\necho \"SUCCESS\" > \"${SCRIPT_OUTPUT_FILE_0}\"\n";
			showEnvVarsInLog = 0;
		};
/* End PBXShellScriptBuildPhase section */

/* Begin PBXSourcesBuildPhase section */
		E6B9984F1F46241C00B3AAD0 /* Sources */ = {
			isa = PBXSourcesBuildPhase;
			buildActionMask = 2147483647;
			files = (
				E6B998771F46596E00B3AAD0 /* SpeechRecording.swift in Sources */,
				E6B998711F46309B00B3AAD0 /* RecordingsTableViewController.swift in Sources */,
				E6B998811F46A27500B3AAD0 /* ClassificationService.swift in Sources */,
				E60BEE261F4BB4D400DD7F9A /* State.swift in Sources */,
				E6B998731F463FA100B3AAD0 /* RecordingViewController.swift in Sources */,
				E60741561F490D61006B4358 /* RecordingTableViewCell.swift in Sources */,
				E6B998831F46A2CB00B3AAD0 /* Sentiment.swift in Sources */,
				E60BEE291F4BBEFF00DD7F9A /* RecordingState.swift in Sources */,
				E60BEE231F4BB49D00DD7F9A /* RecordingActions.swift in Sources */,
				E61D0A791F4A54B6007073BA /* UIViewController+Alerting.swift in Sources */,
				E61D0A7B1F4A5B4F007073BA /* AudioPlaying.swift in Sources */,
				E6C451A31F4C5CE300F65D9E /* SentimentPolarity.mlmodel in Sources */,
				E6B9987B1F46916D00B3AAD0 /* Recording.swift in Sources */,
				E60BEE201F4BB43500DD7F9A /* RecordingReducer.swift in Sources */,
				E6EA4AFB1F4A659B00B241AC /* SpeechTranscriber.swift in Sources */,
				E6B998571F46241C00B3AAD0 /* AppDelegate.swift in Sources */,
				E60BEE1E1F4BB3F300DD7F9A /* AppReducer.swift in Sources */,
			);
			runOnlyForDeploymentPostprocessing = 0;
		};
/* End PBXSourcesBuildPhase section */

/* Begin PBXVariantGroup section */
		E6B9985E1F46241C00B3AAD0 /* Main.storyboard */ = {
			isa = PBXVariantGroup;
			children = (
				E6B9985F1F46241C00B3AAD0 /* Base */,
			);
			name = Main.storyboard;
			sourceTree = "<group>";
		};
		E6B998631F46241C00B3AAD0 /* LaunchScreen.storyboard */ = {
			isa = PBXVariantGroup;
			children = (
				E6B998641F46241C00B3AAD0 /* Base */,
			);
			name = LaunchScreen.storyboard;
			sourceTree = "<group>";
		};
/* End PBXVariantGroup section */

/* Begin XCBuildConfiguration section */
		E6B998671F46241C00B3AAD0 /* Debug */ = {
			isa = XCBuildConfiguration;
			buildSettings = {
				ALWAYS_SEARCH_USER_PATHS = NO;
				CLANG_ANALYZER_NONNULL = YES;
				CLANG_ANALYZER_NUMBER_OBJECT_CONVERSION = YES_AGGRESSIVE;
				CLANG_CXX_LANGUAGE_STANDARD = "gnu++14";
				CLANG_CXX_LIBRARY = "libc++";
				CLANG_ENABLE_MODULES = YES;
				CLANG_ENABLE_OBJC_ARC = YES;
				CLANG_WARN_BLOCK_CAPTURE_AUTORELEASING = YES;
				CLANG_WARN_BOOL_CONVERSION = YES;
				CLANG_WARN_COMMA = YES;
				CLANG_WARN_CONSTANT_CONVERSION = YES;
				CLANG_WARN_DIRECT_OBJC_ISA_USAGE = YES_ERROR;
				CLANG_WARN_DOCUMENTATION_COMMENTS = YES;
				CLANG_WARN_EMPTY_BODY = YES;
				CLANG_WARN_ENUM_CONVERSION = YES;
				CLANG_WARN_INFINITE_RECURSION = YES;
				CLANG_WARN_INT_CONVERSION = YES;
				CLANG_WARN_NON_LITERAL_NULL_CONVERSION = YES;
				CLANG_WARN_OBJC_LITERAL_CONVERSION = YES;
				CLANG_WARN_OBJC_ROOT_CLASS = YES_ERROR;
				CLANG_WARN_RANGE_LOOP_ANALYSIS = YES;
				CLANG_WARN_STRICT_PROTOTYPES = YES;
				CLANG_WARN_SUSPICIOUS_MOVE = YES;
				CLANG_WARN_UNGUARDED_AVAILABILITY = YES_AGGRESSIVE;
				CLANG_WARN_UNREACHABLE_CODE = YES;
				CLANG_WARN__DUPLICATE_METHOD_MATCH = YES;
				CODE_SIGN_IDENTITY = "iPhone Developer";
				COPY_PHASE_STRIP = NO;
				DEBUG_INFORMATION_FORMAT = dwarf;
				ENABLE_STRICT_OBJC_MSGSEND = YES;
				ENABLE_TESTABILITY = YES;
				GCC_C_LANGUAGE_STANDARD = gnu11;
				GCC_DYNAMIC_NO_PIC = NO;
				GCC_NO_COMMON_BLOCKS = YES;
				GCC_OPTIMIZATION_LEVEL = 0;
				GCC_PREPROCESSOR_DEFINITIONS = (
					"DEBUG=1",
					"$(inherited)",
				);
				GCC_WARN_64_TO_32_BIT_CONVERSION = YES;
				GCC_WARN_ABOUT_RETURN_TYPE = YES_ERROR;
				GCC_WARN_UNDECLARED_SELECTOR = YES;
				GCC_WARN_UNINITIALIZED_AUTOS = YES_AGGRESSIVE;
				GCC_WARN_UNUSED_FUNCTION = YES;
				GCC_WARN_UNUSED_VARIABLE = YES;
				IPHONEOS_DEPLOYMENT_TARGET = 11.0;
				MTL_ENABLE_DEBUG_INFO = YES;
				ONLY_ACTIVE_ARCH = YES;
				SDKROOT = iphoneos;
				SWIFT_ACTIVE_COMPILATION_CONDITIONS = DEBUG;
				SWIFT_OPTIMIZATION_LEVEL = "-Onone";
			};
			name = Debug;
		};
		E6B998681F46241C00B3AAD0 /* Release */ = {
			isa = XCBuildConfiguration;
			buildSettings = {
				ALWAYS_SEARCH_USER_PATHS = NO;
				CLANG_ANALYZER_NONNULL = YES;
				CLANG_ANALYZER_NUMBER_OBJECT_CONVERSION = YES_AGGRESSIVE;
				CLANG_CXX_LANGUAGE_STANDARD = "gnu++14";
				CLANG_CXX_LIBRARY = "libc++";
				CLANG_ENABLE_MODULES = YES;
				CLANG_ENABLE_OBJC_ARC = YES;
				CLANG_WARN_BLOCK_CAPTURE_AUTORELEASING = YES;
				CLANG_WARN_BOOL_CONVERSION = YES;
				CLANG_WARN_COMMA = YES;
				CLANG_WARN_CONSTANT_CONVERSION = YES;
				CLANG_WARN_DIRECT_OBJC_ISA_USAGE = YES_ERROR;
				CLANG_WARN_DOCUMENTATION_COMMENTS = YES;
				CLANG_WARN_EMPTY_BODY = YES;
				CLANG_WARN_ENUM_CONVERSION = YES;
				CLANG_WARN_INFINITE_RECURSION = YES;
				CLANG_WARN_INT_CONVERSION = YES;
				CLANG_WARN_NON_LITERAL_NULL_CONVERSION = YES;
				CLANG_WARN_OBJC_LITERAL_CONVERSION = YES;
				CLANG_WARN_OBJC_ROOT_CLASS = YES_ERROR;
				CLANG_WARN_RANGE_LOOP_ANALYSIS = YES;
				CLANG_WARN_STRICT_PROTOTYPES = YES;
				CLANG_WARN_SUSPICIOUS_MOVE = YES;
				CLANG_WARN_UNGUARDED_AVAILABILITY = YES_AGGRESSIVE;
				CLANG_WARN_UNREACHABLE_CODE = YES;
				CLANG_WARN__DUPLICATE_METHOD_MATCH = YES;
				CODE_SIGN_IDENTITY = "iPhone Developer";
				COPY_PHASE_STRIP = NO;
				DEBUG_INFORMATION_FORMAT = "dwarf-with-dsym";
				ENABLE_NS_ASSERTIONS = NO;
				ENABLE_STRICT_OBJC_MSGSEND = YES;
				GCC_C_LANGUAGE_STANDARD = gnu11;
				GCC_NO_COMMON_BLOCKS = YES;
				GCC_WARN_64_TO_32_BIT_CONVERSION = YES;
				GCC_WARN_ABOUT_RETURN_TYPE = YES_ERROR;
				GCC_WARN_UNDECLARED_SELECTOR = YES;
				GCC_WARN_UNINITIALIZED_AUTOS = YES_AGGRESSIVE;
				GCC_WARN_UNUSED_FUNCTION = YES;
				GCC_WARN_UNUSED_VARIABLE = YES;
				IPHONEOS_DEPLOYMENT_TARGET = 11.0;
				MTL_ENABLE_DEBUG_INFO = NO;
				SDKROOT = iphoneos;
				SWIFT_OPTIMIZATION_LEVEL = "-Owholemodule";
				VALIDATE_PRODUCT = YES;
			};
			name = Release;
		};
		E6B9986A1F46241C00B3AAD0 /* Debug */ = {
			isa = XCBuildConfiguration;
			baseConfigurationReference = 8DDD5FD4B8188F7029207A6F /* Pods-Fyulaba.debug.xcconfig */;
			buildSettings = {
				ASSETCATALOG_COMPILER_APPICON_NAME = AppIcon;
				DEVELOPMENT_TEAM = YGQRYMCYG9;
				FRAMEWORK_SEARCH_PATHS = (
					"$(inherited)",
					"$(PROJECT_DIR)",
				);
				INFOPLIST_FILE = Fyulaba/Info.plist;
				LD_RUNPATH_SEARCH_PATHS = "$(inherited) @executable_path/Frameworks";
				PRODUCT_BUNDLE_IDENTIFIER = com.ofoto.ios.Fyulaba;
				PRODUCT_NAME = "$(TARGET_NAME)";
				SWIFT_VERSION = 4.0;
				TARGETED_DEVICE_FAMILY = "1,2";
			};
			name = Debug;
		};
		E6B9986B1F46241C00B3AAD0 /* Release */ = {
			isa = XCBuildConfiguration;
			baseConfigurationReference = 425B125F435AC808F98A76F3 /* Pods-Fyulaba.release.xcconfig */;
			buildSettings = {
				ASSETCATALOG_COMPILER_APPICON_NAME = AppIcon;
				DEVELOPMENT_TEAM = YGQRYMCYG9;
				FRAMEWORK_SEARCH_PATHS = (
					"$(inherited)",
					"$(PROJECT_DIR)",
				);
				INFOPLIST_FILE = Fyulaba/Info.plist;
				LD_RUNPATH_SEARCH_PATHS = "$(inherited) @executable_path/Frameworks";
				PRODUCT_BUNDLE_IDENTIFIER = com.ofoto.ios.Fyulaba;
				PRODUCT_NAME = "$(TARGET_NAME)";
				SWIFT_VERSION = 4.0;
				TARGETED_DEVICE_FAMILY = "1,2";
			};
			name = Release;
		};
/* End XCBuildConfiguration section */

/* Begin XCConfigurationList section */
		E6B9984E1F46241C00B3AAD0 /* Build configuration list for PBXProject "Fyulaba" */ = {
			isa = XCConfigurationList;
			buildConfigurations = (
				E6B998671F46241C00B3AAD0 /* Debug */,
				E6B998681F46241C00B3AAD0 /* Release */,
			);
			defaultConfigurationIsVisible = 0;
			defaultConfigurationName = Release;
		};
		E6B998691F46241C00B3AAD0 /* Build configuration list for PBXNativeTarget "Fyulaba" */ = {
			isa = XCConfigurationList;
			buildConfigurations = (
				E6B9986A1F46241C00B3AAD0 /* Debug */,
				E6B9986B1F46241C00B3AAD0 /* Release */,
			);
			defaultConfigurationIsVisible = 0;
			defaultConfigurationName = Release;
		};
/* End XCConfigurationList section */
	};
	rootObject = E6B9984B1F46241C00B3AAD0 /* Project object */;
}
